<?xml version="1.0" encoding="utf-8"?>
<Project ToolsVersion="4.0" xmlns="http://schemas.microsoft.com/developer/msbuild/2003">
  <ItemGroup>
    <Filter Include="Source Files">
      <UniqueIdentifier>{4FC737F1-C7A5-4376-A066-2A32D752A2FF}</UniqueIdentifier>
      <Extensions>cpp;c;cc;cxx;def;odl;idl;hpj;bat;asm;asmx</Extensions>
    </Filter>
    <Filter Include="Header Files">
      <UniqueIdentifier>{93995380-89BD-4b04-88EB-625FBE52EBFB}</UniqueIdentifier>
      <Extensions>h;hh;hpp;hxx;hm;inl;inc;ipp;xsd</Extensions>
    </Filter>
    <Filter Include="Resource Files">
      <UniqueIdentifier>{67DA6AB6-F800-4c08-8B7A-83BB121AAD01}</UniqueIdentifier>
      <Extensions>rc;ico;cur;bmp;dlg;rc2;rct;bin;rgs;gif;jpg;jpeg;jpe;resx;tiff;tif;png;wav;mfcribbon-ms</Extensions>
    </Filter>
    <Filter Include="Interfaces">
      <UniqueIdentifier>{70e9c97e-4937-4c2d-a5d8-0c68222ee705}</UniqueIdentifier>
    </Filter>
    <Filter Include="Components">
      <UniqueIdentifier>{63af76bc-930a-4439-8f50-020d88d3d5a6}</UniqueIdentifier>
    </Filter>
    <Filter Include="Rendering">
      <UniqueIdentifier>{514ecdf3-2eb6-45bf-80f9-6b65eff8b18c}</UniqueIdentifier>
    </Filter>
    <Filter Include="ExternalAssets">
      <UniqueIdentifier>{b181b881-d9fe-4e6f-8e07-e8fd450d783e}</UniqueIdentifier>
    </Filter>
    <Filter Include="Scene">
      <UniqueIdentifier>{f84120ed-2185-46f3-927c-070d8e8b3822}</UniqueIdentifier>
    </Filter>
    <Filter Include="Scene\SceneAssets">
      <UniqueIdentifier>{078be689-44da-470e-958e-cfc8bf86849c}</UniqueIdentifier>
    </Filter>
    <Filter Include="Debugging">
      <UniqueIdentifier>{2d31560c-763b-4719-ba95-757fde3054ce}</UniqueIdentifier>
    </Filter>
    <Filter Include="GameObject">
      <UniqueIdentifier>{99297cc3-4bed-4875-a82c-536b1f2d95b4}</UniqueIdentifier>
    </Filter>
    <Filter Include="CreativeContext">
      <UniqueIdentifier>{295f42a4-bc04-4cc9-8ea5-d75ac29db34e}</UniqueIdentifier>
    </Filter>
    <Filter Include="Animation">
      <UniqueIdentifier>{44c535b9-e65b-49b6-8b21-d3d1fc9a1a65}</UniqueIdentifier>
    </Filter>
    <Filter Include="Audio">
      <UniqueIdentifier>{f943462b-060f-447a-8f86-d7c167b04a23}</UniqueIdentifier>
    </Filter>
  </ItemGroup>
  <ItemGroup>
    <ClCompile Include="pch.cpp">
      <Filter>Source Files</Filter>
    </ClCompile>
    <ClCompile Include="IAudioService.cpp">
      <Filter>Interfaces</Filter>
    </ClCompile>
    <ClCompile Include="IDrawable.cpp">
      <Filter>Interfaces</Filter>
    </ClCompile>
    <ClCompile Include="IFontEntity.cpp">
      <Filter>Interfaces</Filter>
    </ClCompile>
    <ClCompile Include="IInternalComponent.cpp">
      <Filter>Interfaces</Filter>
    </ClCompile>
    <ClCompile Include="IInternalGameObject.cpp">
      <Filter>Interfaces</Filter>
    </ClCompile>
    <ClCompile Include="IInternalSceneObject.cpp">
      <Filter>Interfaces</Filter>
    </ClCompile>
    <ClCompile Include="ITextureEntity.cpp">
      <Filter>Interfaces</Filter>
    </ClCompile>
    <ClCompile Include="CameraComponent.cpp">
      <Filter>Components</Filter>
    </ClCompile>
    <ClCompile Include="BaseComponent.cpp">
      <Filter>Components</Filter>
    </ClCompile>
    <ClCompile Include="Animator.cpp">
      <Filter>Components</Filter>
    </ClCompile>
    <ClCompile Include="AudioSource.cpp">
      <Filter>Components</Filter>
    </ClCompile>
    <ClCompile Include="Collider.cpp">
      <Filter>Components</Filter>
    </ClCompile>
    <ClCompile Include="Transform.cpp">
      <Filter>Components</Filter>
    </ClCompile>
    <ClCompile Include="TextRenderer.cpp">
      <Filter>Components</Filter>
    </ClCompile>
    <ClCompile Include="SpriteRenderer.cpp">
      <Filter>Components</Filter>
    </ClCompile>
    <ClCompile Include="InputComponent.cpp">
      <Filter>Components</Filter>
    </ClCompile>
    <ClCompile Include="Renderer.cpp">
      <Filter>Rendering</Filter>
    </ClCompile>
    <ClCompile Include="RenderInfo.cpp">
      <Filter>Rendering</Filter>
    </ClCompile>
    <ClCompile Include="Sprite.cpp">
      <Filter>Scene\SceneAssets</Filter>
    </ClCompile>
    <ClCompile Include="Text.cpp">
      <Filter>Scene\SceneAssets</Filter>
    </ClCompile>
    <ClCompile Include="SceneManager.cpp">
      <Filter>Scene</Filter>
    </ClCompile>
    <ClCompile Include="Scene.cpp">
      <Filter>Scene</Filter>
    </ClCompile>
    <ClCompile Include="SDLFontData.cpp">
      <Filter>ExternalAssets</Filter>
    </ClCompile>
    <ClCompile Include="SDLTextureData.cpp">
      <Filter>ExternalAssets</Filter>
    </ClCompile>
    <ClCompile Include="BaseAsset.cpp">
      <Filter>ExternalAssets</Filter>
    </ClCompile>
    <ClCompile Include="AudioClip.cpp">
      <Filter>ExternalAssets</Filter>
    </ClCompile>
    <ClCompile Include="Debug.cpp">
      <Filter>Debugging</Filter>
    </ClCompile>
    <ClCompile Include="DebugCircle.cpp">
      <Filter>Debugging</Filter>
    </ClCompile>
    <ClCompile Include="DebugRect.cpp">
      <Filter>Debugging</Filter>
    </ClCompile>
    <ClCompile Include="DebugShapes.cpp">
      <Filter>Debugging</Filter>
    </ClCompile>
    <ClCompile Include="GameObject.cpp">
      <Filter>GameObject</Filter>
    </ClCompile>
    <ClCompile Include="CharacterController.cpp">
      <Filter>GameObject</Filter>
    </ClCompile>
    <ClCompile Include="CreativeStructs.cpp">
      <Filter>CreativeContext</Filter>
    </ClCompile>
    <ClCompile Include="CreativeCore.cpp">
      <Filter>CreativeContext</Filter>
    </ClCompile>
    <ClCompile Include="EngineUtils.cpp">
      <Filter>CreativeContext</Filter>
    </ClCompile>
    <ClCompile Include="EngineContext.cpp">
      <Filter>CreativeContext</Filter>
    </ClCompile>
    <ClCompile Include="EngineAsset.cpp">
      <Filter>Scene\SceneAssets</Filter>
    </ClCompile>
    <ClCompile Include="GameTime.cpp">
      <Filter>Scene</Filter>
    </ClCompile>
    <ClCompile Include="InputManager.cpp">
      <Filter>Scene</Filter>
    </ClCompile>
    <ClCompile Include="AnimationClip.cpp">
      <Filter>Animation</Filter>
    </ClCompile>
    <ClCompile Include="AnimTransition.cpp">
      <Filter>Animation</Filter>
    </ClCompile>
    <ClCompile Include="FMODAudioService.cpp">
      <Filter>Audio</Filter>
    </ClCompile>
    <ClCompile Include="ResourceManager.cpp">
      <Filter>ExternalAssets</Filter>
    </ClCompile>
    <ClCompile Include="FSMState.cpp">
      <Filter>CreativeContext</Filter>
    </ClCompile>
    <ClCompile Include="FSMTransition.cpp">
      <Filter>CreativeContext</Filter>
    </ClCompile>
    <ClCompile Include="ServiceLocator.cpp">
      <Filter>CreativeContext</Filter>
    </ClCompile>
    <ClCompile Include="Singleton.cpp">
      <Filter>CreativeContext</Filter>
    </ClCompile>
    <ClCompile Include="BoxCollider2D.cpp">
      <Filter>Source Files</Filter>
    </ClCompile>
    <ClCompile Include="PhysicsComponent.cpp">
      <Filter>Source Files</Filter>
    </ClCompile>
    <ClCompile Include="PhysicsScene.cpp">
      <Filter>Source Files</Filter>
    </ClCompile>
  </ItemGroup>
  <ItemGroup>
    <ClInclude Include="pch.h">
      <Filter>Header Files</Filter>
    </ClInclude>
    <ClInclude Include="IAudioService.h">
      <Filter>Interfaces</Filter>
    </ClInclude>
    <ClInclude Include="IDrawable.h">
      <Filter>Interfaces</Filter>
    </ClInclude>
    <ClInclude Include="IFontEntity.h">
      <Filter>Interfaces</Filter>
    </ClInclude>
    <ClInclude Include="IInternalComponent.h">
      <Filter>Interfaces</Filter>
    </ClInclude>
    <ClInclude Include="IInternalGameObject.h">
      <Filter>Interfaces</Filter>
    </ClInclude>
    <ClInclude Include="IInternalSceneObject.h">
      <Filter>Interfaces</Filter>
    </ClInclude>
    <ClInclude Include="ITextureEntity.h">
      <Filter>Interfaces</Filter>
    </ClInclude>
    <ClInclude Include="BaseComponent.h">
      <Filter>Components</Filter>
    </ClInclude>
    <ClInclude Include="CameraComponent.h">
      <Filter>Components</Filter>
    </ClInclude>
    <ClInclude Include="Collider.h">
      <Filter>Components</Filter>
    </ClInclude>
    <ClInclude Include="AudioSource.h">
      <Filter>Components</Filter>
    </ClInclude>
    <ClInclude Include="Animator.h">
      <Filter>Components</Filter>
    </ClInclude>
    <ClInclude Include="InputComponent.h">
      <Filter>Components</Filter>
    </ClInclude>
    <ClInclude Include="SpriteRenderer.h">
      <Filter>Components</Filter>
    </ClInclude>
    <ClInclude Include="TextRenderer.h">
      <Filter>Components</Filter>
    </ClInclude>
    <ClInclude Include="Transform.h">
      <Filter>Components</Filter>
    </ClInclude>
    <ClInclude Include="Text.h">
      <Filter>Scene\SceneAssets</Filter>
    </ClInclude>
    <ClInclude Include="Sprite.h">
      <Filter>Scene\SceneAssets</Filter>
    </ClInclude>
    <ClInclude Include="SDLTextureData.h">
      <Filter>ExternalAssets</Filter>
    </ClInclude>
    <ClInclude Include="SDLFontData.h">
      <Filter>ExternalAssets</Filter>
    </ClInclude>
    <ClInclude Include="RenderInfo.h">
      <Filter>Rendering</Filter>
    </ClInclude>
    <ClInclude Include="Renderer.h">
      <Filter>Rendering</Filter>
    </ClInclude>
    <ClInclude Include="Scene.h">
      <Filter>Scene</Filter>
    </ClInclude>
    <ClInclude Include="SceneManager.h">
      <Filter>Scene</Filter>
    </ClInclude>
    <ClInclude Include="BaseAsset.h">
      <Filter>ExternalAssets</Filter>
    </ClInclude>
    <ClInclude Include="AudioClip.h">
      <Filter>ExternalAssets</Filter>
    </ClInclude>
    <ClInclude Include="Debug.h">
      <Filter>Debugging</Filter>
    </ClInclude>
    <ClInclude Include="DebugCircle.h">
      <Filter>Debugging</Filter>
    </ClInclude>
    <ClInclude Include="DebugRect.h">
      <Filter>Debugging</Filter>
    </ClInclude>
    <ClInclude Include="DebugShapes.h">
      <Filter>Debugging</Filter>
    </ClInclude>
    <ClInclude Include="GameObject.h">
      <Filter>GameObject</Filter>
    </ClInclude>
    <ClInclude Include="CharacterController.h">
      <Filter>GameObject</Filter>
    </ClInclude>
    <ClInclude Include="CreativeTypeName.h">
      <Filter>CreativeContext</Filter>
    </ClInclude>
    <ClInclude Include="CreativeStructs.h">
      <Filter>CreativeContext</Filter>
    </ClInclude>
    <ClInclude Include="EngineContext.h">
      <Filter>CreativeContext</Filter>
    </ClInclude>
    <ClInclude Include="CreativeCore.h">
      <Filter>CreativeContext</Filter>
    </ClInclude>
    <ClInclude Include="InputManager.h">
      <Filter>Scene</Filter>
    </ClInclude>
    <ClInclude Include="GameTime.h">
      <Filter>Scene</Filter>
    </ClInclude>
    <ClInclude Include="EngineAsset.h">
      <Filter>Scene\SceneAssets</Filter>
    </ClInclude>
    <ClInclude Include="AnimationClip.h">
      <Filter>Animation</Filter>
    </ClInclude>
    <ClInclude Include="AnimTransition.h">
      <Filter>Animation</Filter>
    </ClInclude>
    <ClInclude Include="FMODAudioService.h">
      <Filter>Audio</Filter>
    </ClInclude>
    <ClInclude Include="EngineUtils.h">
      <Filter>CreativeContext</Filter>
    </ClInclude>
    <ClInclude Include="ResourceManager.h">
      <Filter>ExternalAssets</Filter>
    </ClInclude>
    <ClInclude Include="Singleton.h">
      <Filter>CreativeContext</Filter>
    </ClInclude>
    <ClInclude Include="ServiceLocator.h">
      <Filter>CreativeContext</Filter>
    </ClInclude>
    <ClInclude Include="FSMTransition.h">
      <Filter>CreativeContext</Filter>
    </ClInclude>
    <ClInclude Include="FSMState.h">
      <Filter>CreativeContext</Filter>
    </ClInclude>
    <ClInclude Include="BoxCollider2D.h">
      <Filter>Header Files</Filter>
    </ClInclude>
    <ClInclude Include="PhysicsComponent.h">
      <Filter>Header Files</Filter>
    </ClInclude>
    <ClInclude Include="PhysicsScene.h">
      <Filter>Header Files</Filter>
    </ClInclude>
  </ItemGroup>
</Project>